<?xml version="1.0" encoding="utf-8"?>
<Project ToolsVersion="4.0" xmlns="http://schemas.microsoft.com/developer/msbuild/2003">
  <ItemGroup>
    <Filter Include="Meadow">
      <UniqueIdentifier>{02D1D6C2-EE72-0199-D72D-15EDC36E88E9}</UniqueIdentifier>
    </Filter>
    <Filter Include="Meadow\New folder">
      <UniqueIdentifier>{B74C74B6-2363-724C-6CDA-FD6DD82F43D4}</UniqueIdentifier>
    </Filter>
  </ItemGroup>
  <ItemGroup>
    <ClInclude Include="src\Meadow.h" />
    <ClInclude Include="src\Meadow\Application.h">
      <Filter>Meadow</Filter>
    </ClInclude>
    <ClInclude Include="src\Meadow\Core.h">
      <Filter>Meadow</Filter>
    </ClInclude>
    <ClInclude Include="src\Meadow\EntryPoint.h">
      <Filter>Meadow</Filter>
    </ClInclude>
    <ClInclude Include="src\Meadow\Log.h">
      <Filter>Meadow</Filter>
    </ClInclude>
    <ClInclude Include="src\Meadow\Events\ApplicationEvent.h">
      <Filter>Meadow\New folder</Filter>
    </ClInclude>
    <ClInclude Include="src\Meadow\Events\Event.h">
      <Filter>Meadow\New folder</Filter>
    </ClInclude>
    <ClInclude Include="src\Meadow\Events\KeyEvent.h">
      <Filter>Meadow\New folder</Filter>
    </ClInclude>
    <ClInclude Include="src\Meadow\Events\MouseEvent.h">
      <Filter>Meadow\New folder</Filter>
    </ClInclude>
  </ItemGroup>
  <ItemGroup>
    <ClCompile Include="src\Meadow\Application.cpp">
      <Filter>Meadow</Filter>
    </ClCompile>
    <ClCompile Include="src\Meadow\Log.cpp">
      <Filter>Meadow</Filter>
    </ClCompile>
  </ItemGroup>
</Project>